
Microsoft Visual Studio Solution File, Format Version 12.00
# Visual Studio Version 17
VisualStudioVersion = 17.3.32929.385
MinimumVisualStudioVersion = 10.0.40219.1
Project("{FAE04EC0-301F-11D3-BF4B-00C04F79EFBC}") = "Jokes web App", "Jokes web App\Jokes web App.csproj", "{E861E52E-0303-4EC0-9689-1F8B0BB2EFDF}"
EndProject
Global
	GlobalSection(SolutionConfigurationPlatforms) = preSolution
		Debug|Any CPU = Debug|Any CPU
		Release|Any CPU = Release|Any CPU
	EndGlobalSection
	GlobalSection(ProjectConfigurationPlatforms) = postSolution
		{E861E52E-0303-4EC0-9689-1F8B0BB2EFDF}.Debug|Any CPU.ActiveCfg = Debug|Any CPU
		{E861E52E-0303-4EC0-9689-1F8B0BB2EFDF}.Debug|Any CPU.Build.0 = Debug|Any CPU
		{E861E52E-0303-4EC0-9689-1F8B0BB2EFDF}.Release|Any CPU.ActiveCfg = Release|Any CPU
		{E861E52E-0303-4EC0-9689-1F8B0BB2EFDF}.Release|Any CPU.Build.0 = Release|Any CPU
	EndGlobalSection
	GlobalSection(SolutionProperties) = preSolution
		HideSolutionNode = FALSE
	EndGlobalSection
	GlobalSection(ExtensibilityGlobals) = postSolution
		SolutionGuid = {6405F273-9BF4-4511-B38D-2FF804BEB3DB}
	EndGlobalSection
EndGlobal
